// !$*UTF8*$!
{
	archiveVersion = 1;
	classes = {
	};
	objectVersion = 46;
	objects = {

/* Begin PBXBuildFile section */
		921B994D1F409A8F009EA892 /* AddTransactionViewController.swift in Sources */ = {isa = PBXBuildFile; fileRef = 921B994B1F409A8F009EA892 /* AddTransactionViewController.swift */; };
		921B994E1F409A8F009EA892 /* AddTransactionViewController.xib in Resources */ = {isa = PBXBuildFile; fileRef = 921B994C1F409A8F009EA892 /* AddTransactionViewController.xib */; };
		922A6C9D1F42D65C00817888 /* AccountDetailTableViewController.swift in Sources */ = {isa = PBXBuildFile; fileRef = 922A6C9B1F42D65C00817888 /* AccountDetailTableViewController.swift */; };
		922A6C9E1F42D65C00817888 /* AccountDetailTableViewController.xib in Resources */ = {isa = PBXBuildFile; fileRef = 922A6C9C1F42D65C00817888 /* AccountDetailTableViewController.xib */; };
		922A6CA31F42E09200817888 /* TransactionDetailViewController.swift in Sources */ = {isa = PBXBuildFile; fileRef = 922A6CA11F42E09200817888 /* TransactionDetailViewController.swift */; };
		922A6CA41F42E09200817888 /* TransactionDetailViewController.xib in Resources */ = {isa = PBXBuildFile; fileRef = 922A6CA21F42E09200817888 /* TransactionDetailViewController.xib */; };
		925470A01F44202B002AA581 /* HomeViewController.swift in Sources */ = {isa = PBXBuildFile; fileRef = 9254709E1F44202B002AA581 /* HomeViewController.swift */; };
		925470A11F44202B002AA581 /* HomeViewController.xib in Resources */ = {isa = PBXBuildFile; fileRef = 9254709F1F44202B002AA581 /* HomeViewController.xib */; };
		927DF3211F40479900CE97E7 /* Model.swift in Sources */ = {isa = PBXBuildFile; fileRef = 927DF3201F40479900CE97E7 /* Model.swift */; };
		927DF3241F40500F00CE97E7 /* AddAccountViewController.swift in Sources */ = {isa = PBXBuildFile; fileRef = 927DF3221F40500F00CE97E7 /* AddAccountViewController.swift */; };
		927DF3251F40500F00CE97E7 /* AddAccountViewController.xib in Resources */ = {isa = PBXBuildFile; fileRef = 927DF3231F40500F00CE97E7 /* AddAccountViewController.xib */; };
		929C00001F3F88A0005BBC2E /* TransactionTableViewCell.swift in Sources */ = {isa = PBXBuildFile; fileRef = 929CFFFE1F3F88A0005BBC2E /* TransactionTableViewCell.swift */; };
		929C00011F3F88A0005BBC2E /* TransactionTableViewCell.xib in Resources */ = {isa = PBXBuildFile; fileRef = 929CFFFF1F3F88A0005BBC2E /* TransactionTableViewCell.xib */; };
		929CFF9C1F3F80F4005BBC2E /* AppDelegate.swift in Sources */ = {isa = PBXBuildFile; fileRef = 929CFF9B1F3F80F4005BBC2E /* AppDelegate.swift */; };
		929CFFA41F3F80F4005BBC2E /* Hesabdar.xcdatamodeld in Sources */ = {isa = PBXBuildFile; fileRef = 929CFFA21F3F80F4005BBC2E /* Hesabdar.xcdatamodeld */; };
		929CFFA61F3F80F4005BBC2E /* Assets.xcassets in Resources */ = {isa = PBXBuildFile; fileRef = 929CFFA51F3F80F4005BBC2E /* Assets.xcassets */; };
		929CFFA91F3F80F4005BBC2E /* LaunchScreen.storyboard in Resources */ = {isa = PBXBuildFile; fileRef = 929CFFA71F3F80F4005BBC2E /* LaunchScreen.storyboard */; };
		929CFFB41F3F80F4005BBC2E /* HesabdarTests.swift in Sources */ = {isa = PBXBuildFile; fileRef = 929CFFB31F3F80F4005BBC2E /* HesabdarTests.swift */; };
		929CFFBF1F3F80F5005BBC2E /* HesabdarUITests.swift in Sources */ = {isa = PBXBuildFile; fileRef = 929CFFBE1F3F80F5005BBC2E /* HesabdarUITests.swift */; };
		929CFFEE1F3F8488005BBC2E /* Account+CoreDataClass.swift in Sources */ = {isa = PBXBuildFile; fileRef = 929CFFE81F3F8488005BBC2E /* Account+CoreDataClass.swift */; };
		929CFFEF1F3F8488005BBC2E /* Account+CoreDataProperties.swift in Sources */ = {isa = PBXBuildFile; fileRef = 929CFFE91F3F8488005BBC2E /* Account+CoreDataProperties.swift */; };
		929CFFF01F3F8488005BBC2E /* Transaction+CoreDataClass.swift in Sources */ = {isa = PBXBuildFile; fileRef = 929CFFEA1F3F8488005BBC2E /* Transaction+CoreDataClass.swift */; };
		929CFFF11F3F8488005BBC2E /* Transaction+CoreDataProperties.swift in Sources */ = {isa = PBXBuildFile; fileRef = 929CFFEB1F3F8488005BBC2E /* Transaction+CoreDataProperties.swift */; };
		929CFFF41F3F8534005BBC2E /* Tag+CoreDataClass.swift in Sources */ = {isa = PBXBuildFile; fileRef = 929CFFF21F3F8534005BBC2E /* Tag+CoreDataClass.swift */; };
		929CFFF51F3F8534005BBC2E /* Tag+CoreDataProperties.swift in Sources */ = {isa = PBXBuildFile; fileRef = 929CFFF31F3F8534005BBC2E /* Tag+CoreDataProperties.swift */; };
		929CFFFC1F3F8859005BBC2E /* TransactionTableViewController.swift in Sources */ = {isa = PBXBuildFile; fileRef = 929CFFFA1F3F8859005BBC2E /* TransactionTableViewController.swift */; };
		929CFFFD1F3F8859005BBC2E /* TransactionTableViewController.xib in Resources */ = {isa = PBXBuildFile; fileRef = 929CFFFB1F3F8859005BBC2E /* TransactionTableViewController.xib */; };
		92B834A61F4810FA009D202E /* HelpViewController.swift in Sources */ = {isa = PBXBuildFile; fileRef = 92B834A41F4810FA009D202E /* HelpViewController.swift */; };
		92B834A71F4810FA009D202E /* HelpViewController.xib in Resources */ = {isa = PBXBuildFile; fileRef = 92B834A51F4810FA009D202E /* HelpViewController.xib */; };
		92E818721F40DC000076FA07 /* TagTableViewController.swift in Sources */ = {isa = PBXBuildFile; fileRef = 92E818701F40DC000076FA07 /* TagTableViewController.swift */; };
		92E818731F40DC000076FA07 /* TagTableViewController.xib in Resources */ = {isa = PBXBuildFile; fileRef = 92E818711F40DC000076FA07 /* TagTableViewController.xib */; };
		92E818761F40DC520076FA07 /* TagTableViewCell.swift in Sources */ = {isa = PBXBuildFile; fileRef = 92E818741F40DC520076FA07 /* TagTableViewCell.swift */; };
		92E818771F40DC520076FA07 /* TagTableViewCell.xib in Resources */ = {isa = PBXBuildFile; fileRef = 92E818751F40DC520076FA07 /* TagTableViewCell.xib */; };
		92E818791F40DD7A0076FA07 /* RoundedView.swift in Sources */ = {isa = PBXBuildFile; fileRef = 92E818781F40DD7A0076FA07 /* RoundedView.swift */; };
		92E8187C1F40E1CF0076FA07 /* AddTagViewController.swift in Sources */ = {isa = PBXBuildFile; fileRef = 92E8187A1F40E1CF0076FA07 /* AddTagViewController.swift */; };
		92E8187D1F40E1CF0076FA07 /* AddTagViewController.xib in Resources */ = {isa = PBXBuildFile; fileRef = 92E8187B1F40E1CF0076FA07 /* AddTagViewController.xib */; };
		92E8187F1F40EA450076FA07 /* RoundedButton.swift in Sources */ = {isa = PBXBuildFile; fileRef = 92E8187E1F40EA450076FA07 /* RoundedButton.swift */; };
		92E818801F41043C0076FA07 /* IRANSans(FaNum).ttf in Resources */ = {isa = PBXBuildFile; fileRef = 929CFFCD1F3F818D005BBC2E /* IRANSans(FaNum).ttf */; };
		92F21B661F40315100C81DAA /* AccountTableViewController.swift in Sources */ = {isa = PBXBuildFile; fileRef = 92F21B641F40315100C81DAA /* AccountTableViewController.swift */; };
		92F21B671F40315100C81DAA /* AccountTableViewController.xib in Resources */ = {isa = PBXBuildFile; fileRef = 92F21B651F40315100C81DAA /* AccountTableViewController.xib */; };
		92F21B6A1F40317D00C81DAA /* AccountTableViewCell.swift in Sources */ = {isa = PBXBuildFile; fileRef = 92F21B681F40317D00C81DAA /* AccountTableViewCell.swift */; };
		92F21B6B1F40317D00C81DAA /* AccountTableViewCell.xib in Resources */ = {isa = PBXBuildFile; fileRef = 92F21B691F40317D00C81DAA /* AccountTableViewCell.xib */; };
		B33E896B53C01027034343C0 /* Pods_Hesabdar.framework in Frameworks */ = {isa = PBXBuildFile; fileRef = 095BB183AC57C5618CD0219A /* Pods_Hesabdar.framework */; };
/* End PBXBuildFile section */

/* Begin PBXContainerItemProxy section */
		929CFFB01F3F80F4005BBC2E /* PBXContainerItemProxy */ = {
			isa = PBXContainerItemProxy;
			containerPortal = 929CFF901F3F80F4005BBC2E /* Project object */;
			proxyType = 1;
			remoteGlobalIDString = 929CFF971F3F80F4005BBC2E;
			remoteInfo = Hesabdar;
		};
		929CFFBB1F3F80F5005BBC2E /* PBXContainerItemProxy */ = {
			isa = PBXContainerItemProxy;
			containerPortal = 929CFF901F3F80F4005BBC2E /* Project object */;
			proxyType = 1;
			remoteGlobalIDString = 929CFF971F3F80F4005BBC2E;
			remoteInfo = Hesabdar;
		};
/* End PBXContainerItemProxy section */

/* Begin PBXFileReference section */
		095BB183AC57C5618CD0219A /* Pods_Hesabdar.framework */ = {isa = PBXFileReference; explicitFileType = wrapper.framework; includeInIndex = 0; path = Pods_Hesabdar.framework; sourceTree = BUILT_PRODUCTS_DIR; };
		921B994B1F409A8F009EA892 /* AddTransactionViewController.swift */ = {isa = PBXFileReference; fileEncoding = 4; lastKnownFileType = sourcecode.swift; path = AddTransactionViewController.swift; sourceTree = "<group>"; };
		921B994C1F409A8F009EA892 /* AddTransactionViewController.xib */ = {isa = PBXFileReference; fileEncoding = 4; lastKnownFileType = file.xib; path = AddTransactionViewController.xib; sourceTree = "<group>"; };
		922A6C9B1F42D65C00817888 /* AccountDetailTableViewController.swift */ = {isa = PBXFileReference; fileEncoding = 4; lastKnownFileType = sourcecode.swift; path = AccountDetailTableViewController.swift; sourceTree = "<group>"; };
		922A6C9C1F42D65C00817888 /* AccountDetailTableViewController.xib */ = {isa = PBXFileReference; fileEncoding = 4; lastKnownFileType = file.xib; path = AccountDetailTableViewController.xib; sourceTree = "<group>"; };
		922A6CA11F42E09200817888 /* TransactionDetailViewController.swift */ = {isa = PBXFileReference; fileEncoding = 4; lastKnownFileType = sourcecode.swift; path = TransactionDetailViewController.swift; sourceTree = "<group>"; };
		922A6CA21F42E09200817888 /* TransactionDetailViewController.xib */ = {isa = PBXFileReference; fileEncoding = 4; lastKnownFileType = file.xib; path = TransactionDetailViewController.xib; sourceTree = "<group>"; };
		9254709E1F44202B002AA581 /* HomeViewController.swift */ = {isa = PBXFileReference; fileEncoding = 4; lastKnownFileType = sourcecode.swift; path = HomeViewController.swift; sourceTree = "<group>"; };
		9254709F1F44202B002AA581 /* HomeViewController.xib */ = {isa = PBXFileReference; fileEncoding = 4; lastKnownFileType = file.xib; path = HomeViewController.xib; sourceTree = "<group>"; };
		927DF3201F40479900CE97E7 /* Model.swift */ = {isa = PBXFileReference; fileEncoding = 4; lastKnownFileType = sourcecode.swift; path = Model.swift; sourceTree = "<group>"; };
		927DF3221F40500F00CE97E7 /* AddAccountViewController.swift */ = {isa = PBXFileReference; fileEncoding = 4; lastKnownFileType = sourcecode.swift; path = AddAccountViewController.swift; sourceTree = "<group>"; };
		927DF3231F40500F00CE97E7 /* AddAccountViewController.xib */ = {isa = PBXFileReference; fileEncoding = 4; lastKnownFileType = file.xib; path = AddAccountViewController.xib; sourceTree = "<group>"; };
		929CFF981F3F80F4005BBC2E /* Hesabdar.app */ = {isa = PBXFileReference; explicitFileType = wrapper.application; includeInIndex = 0; path = Hesabdar.app; sourceTree = BUILT_PRODUCTS_DIR; };
		929CFF9B1F3F80F4005BBC2E /* AppDelegate.swift */ = {isa = PBXFileReference; lastKnownFileType = sourcecode.swift; path = AppDelegate.swift; sourceTree = "<group>"; };
		929CFFA31F3F80F4005BBC2E /* Hesabdar.xcdatamodel */ = {isa = PBXFileReference; lastKnownFileType = wrapper.xcdatamodel; path = Hesabdar.xcdatamodel; sourceTree = "<group>"; };
		929CFFA51F3F80F4005BBC2E /* Assets.xcassets */ = {isa = PBXFileReference; lastKnownFileType = folder.assetcatalog; path = Assets.xcassets; sourceTree = "<group>"; };
		929CFFA81F3F80F4005BBC2E /* Base */ = {isa = PBXFileReference; lastKnownFileType = file.storyboard; name = Base; path = Base.lproj/LaunchScreen.storyboard; sourceTree = "<group>"; };
		929CFFAA1F3F80F4005BBC2E /* Info.plist */ = {isa = PBXFileReference; lastKnownFileType = text.plist.xml; path = Info.plist; sourceTree = "<group>"; };
		929CFFAF1F3F80F4005BBC2E /* HesabdarTests.xctest */ = {isa = PBXFileReference; explicitFileType = wrapper.cfbundle; includeInIndex = 0; path = HesabdarTests.xctest; sourceTree = BUILT_PRODUCTS_DIR; };
		929CFFB31F3F80F4005BBC2E /* HesabdarTests.swift */ = {isa = PBXFileReference; lastKnownFileType = sourcecode.swift; path = HesabdarTests.swift; sourceTree = "<group>"; };
		929CFFB51F3F80F5005BBC2E /* Info.plist */ = {isa = PBXFileReference; lastKnownFileType = text.plist.xml; path = Info.plist; sourceTree = "<group>"; };
		929CFFBA1F3F80F5005BBC2E /* HesabdarUITests.xctest */ = {isa = PBXFileReference; explicitFileType = wrapper.cfbundle; includeInIndex = 0; path = HesabdarUITests.xctest; sourceTree = BUILT_PRODUCTS_DIR; };
		929CFFBE1F3F80F5005BBC2E /* HesabdarUITests.swift */ = {isa = PBXFileReference; lastKnownFileType = sourcecode.swift; path = HesabdarUITests.swift; sourceTree = "<group>"; };
		929CFFC01F3F80F5005BBC2E /* Info.plist */ = {isa = PBXFileReference; lastKnownFileType = text.plist.xml; path = Info.plist; sourceTree = "<group>"; };
		929CFFCD1F3F818D005BBC2E /* IRANSans(FaNum).ttf */ = {isa = PBXFileReference; lastKnownFileType = file; path = "IRANSans(FaNum).ttf"; sourceTree = "<group>"; };
		929CFFE81F3F8488005BBC2E /* Account+CoreDataClass.swift */ = {isa = PBXFileReference; fileEncoding = 4; lastKnownFileType = sourcecode.swift; path = "Account+CoreDataClass.swift"; sourceTree = "<group>"; };
		929CFFE91F3F8488005BBC2E /* Account+CoreDataProperties.swift */ = {isa = PBXFileReference; fileEncoding = 4; lastKnownFileType = sourcecode.swift; path = "Account+CoreDataProperties.swift"; sourceTree = "<group>"; };
		929CFFEA1F3F8488005BBC2E /* Transaction+CoreDataClass.swift */ = {isa = PBXFileReference; fileEncoding = 4; lastKnownFileType = sourcecode.swift; path = "Transaction+CoreDataClass.swift"; sourceTree = "<group>"; };
		929CFFEB1F3F8488005BBC2E /* Transaction+CoreDataProperties.swift */ = {isa = PBXFileReference; fileEncoding = 4; lastKnownFileType = sourcecode.swift; path = "Transaction+CoreDataProperties.swift"; sourceTree = "<group>"; };
		929CFFF21F3F8534005BBC2E /* Tag+CoreDataClass.swift */ = {isa = PBXFileReference; fileEncoding = 4; lastKnownFileType = sourcecode.swift; path = "Tag+CoreDataClass.swift"; sourceTree = "<group>"; };
		929CFFF31F3F8534005BBC2E /* Tag+CoreDataProperties.swift */ = {isa = PBXFileReference; fileEncoding = 4; lastKnownFileType = sourcecode.swift; path = "Tag+CoreDataProperties.swift"; sourceTree = "<group>"; };
		929CFFFA1F3F8859005BBC2E /* TransactionTableViewController.swift */ = {isa = PBXFileReference; fileEncoding = 4; lastKnownFileType = sourcecode.swift; path = TransactionTableViewController.swift; sourceTree = "<group>"; };
		929CFFFB1F3F8859005BBC2E /* TransactionTableViewController.xib */ = {isa = PBXFileReference; fileEncoding = 4; lastKnownFileType = file.xib; path = TransactionTableViewController.xib; sourceTree = "<group>"; };
		929CFFFE1F3F88A0005BBC2E /* TransactionTableViewCell.swift */ = {isa = PBXFileReference; fileEncoding = 4; lastKnownFileType = sourcecode.swift; path = TransactionTableViewCell.swift; sourceTree = "<group>"; };
		929CFFFF1F3F88A0005BBC2E /* TransactionTableViewCell.xib */ = {isa = PBXFileReference; fileEncoding = 4; lastKnownFileType = file.xib; path = TransactionTableViewCell.xib; sourceTree = "<group>"; };
		92B834A41F4810FA009D202E /* HelpViewController.swift */ = {isa = PBXFileReference; fileEncoding = 4; lastKnownFileType = sourcecode.swift; path = HelpViewController.swift; sourceTree = "<group>"; };
		92B834A51F4810FA009D202E /* HelpViewController.xib */ = {isa = PBXFileReference; fileEncoding = 4; lastKnownFileType = file.xib; path = HelpViewController.xib; sourceTree = "<group>"; };
		92E818701F40DC000076FA07 /* TagTableViewController.swift */ = {isa = PBXFileReference; fileEncoding = 4; lastKnownFileType = sourcecode.swift; path = TagTableViewController.swift; sourceTree = "<group>"; };
		92E818711F40DC000076FA07 /* TagTableViewController.xib */ = {isa = PBXFileReference; fileEncoding = 4; lastKnownFileType = file.xib; path = TagTableViewController.xib; sourceTree = "<group>"; };
		92E818741F40DC520076FA07 /* TagTableViewCell.swift */ = {isa = PBXFileReference; fileEncoding = 4; lastKnownFileType = sourcecode.swift; path = TagTableViewCell.swift; sourceTree = "<group>"; };
		92E818751F40DC520076FA07 /* TagTableViewCell.xib */ = {isa = PBXFileReference; fileEncoding = 4; lastKnownFileType = file.xib; path = TagTableViewCell.xib; sourceTree = "<group>"; };
		92E818781F40DD7A0076FA07 /* RoundedView.swift */ = {isa = PBXFileReference; fileEncoding = 4; lastKnownFileType = sourcecode.swift; path = RoundedView.swift; sourceTree = "<group>"; };
		92E8187A1F40E1CF0076FA07 /* AddTagViewController.swift */ = {isa = PBXFileReference; fileEncoding = 4; lastKnownFileType = sourcecode.swift; path = AddTagViewController.swift; sourceTree = "<group>"; };
		92E8187B1F40E1CF0076FA07 /* AddTagViewController.xib */ = {isa = PBXFileReference; fileEncoding = 4; lastKnownFileType = file.xib; path = AddTagViewController.xib; sourceTree = "<group>"; };
		92E8187E1F40EA450076FA07 /* RoundedButton.swift */ = {isa = PBXFileReference; fileEncoding = 4; lastKnownFileType = sourcecode.swift; path = RoundedButton.swift; sourceTree = "<group>"; };
		92F21B641F40315100C81DAA /* AccountTableViewController.swift */ = {isa = PBXFileReference; fileEncoding = 4; lastKnownFileType = sourcecode.swift; path = AccountTableViewController.swift; sourceTree = "<group>"; };
		92F21B651F40315100C81DAA /* AccountTableViewController.xib */ = {isa = PBXFileReference; fileEncoding = 4; lastKnownFileType = file.xib; path = AccountTableViewController.xib; sourceTree = "<group>"; };
		92F21B681F40317D00C81DAA /* AccountTableViewCell.swift */ = {isa = PBXFileReference; fileEncoding = 4; lastKnownFileType = sourcecode.swift; path = AccountTableViewCell.swift; sourceTree = "<group>"; };
		92F21B691F40317D00C81DAA /* AccountTableViewCell.xib */ = {isa = PBXFileReference; fileEncoding = 4; lastKnownFileType = file.xib; path = AccountTableViewCell.xib; sourceTree = "<group>"; };
		9C0AC6F3C322EC4C77A83C05 /* Pods-Hesabdar.debug.xcconfig */ = {isa = PBXFileReference; includeInIndex = 1; lastKnownFileType = text.xcconfig; name = "Pods-Hesabdar.debug.xcconfig"; path = "Pods/Target Support Files/Pods-Hesabdar/Pods-Hesabdar.debug.xcconfig"; sourceTree = "<group>"; };
		F83C4DA07F426D16A2968A68 /* Pods-Hesabdar.release.xcconfig */ = {isa = PBXFileReference; includeInIndex = 1; lastKnownFileType = text.xcconfig; name = "Pods-Hesabdar.release.xcconfig"; path = "Pods/Target Support Files/Pods-Hesabdar/Pods-Hesabdar.release.xcconfig"; sourceTree = "<group>"; };
/* End PBXFileReference section */

/* Begin PBXFrameworksBuildPhase section */
		929CFF951F3F80F4005BBC2E /* Frameworks */ = {
			isa = PBXFrameworksBuildPhase;
			buildActionMask = 2147483647;
			files = (
				B33E896B53C01027034343C0 /* Pods_Hesabdar.framework in Frameworks */,
			);
			runOnlyForDeploymentPostprocessing = 0;
		};
		929CFFAC1F3F80F4005BBC2E /* Frameworks */ = {
			isa = PBXFrameworksBuildPhase;
			buildActionMask = 2147483647;
			files = (
			);
			runOnlyForDeploymentPostprocessing = 0;
		};
		929CFFB71F3F80F5005BBC2E /* Frameworks */ = {
			isa = PBXFrameworksBuildPhase;
			buildActionMask = 2147483647;
			files = (
			);
			runOnlyForDeploymentPostprocessing = 0;
		};
/* End PBXFrameworksBuildPhase section */

/* Begin PBXGroup section */
		58BA28DEAF28124F3D19CB4B /* Frameworks */ = {
			isa = PBXGroup;
			children = (
				095BB183AC57C5618CD0219A /* Pods_Hesabdar.framework */,
			);
			name = Frameworks;
			sourceTree = "<group>";
		};
		929CFF8F1F3F80F4005BBC2E = {
			isa = PBXGroup;
			children = (
				929CFF9A1F3F80F4005BBC2E /* Hesabdar */,
				929CFFB21F3F80F4005BBC2E /* HesabdarTests */,
				929CFFBD1F3F80F5005BBC2E /* HesabdarUITests */,
				929CFF991F3F80F4005BBC2E /* Products */,
				929CFFF71F3F8786005BBC2E /* Font */,
				EF58D1AB3DB3D72ED5077267 /* Pods */,
				58BA28DEAF28124F3D19CB4B /* Frameworks */,
			);
			sourceTree = "<group>";
		};
		929CFF991F3F80F4005BBC2E /* Products */ = {
			isa = PBXGroup;
			children = (
				929CFF981F3F80F4005BBC2E /* Hesabdar.app */,
				929CFFAF1F3F80F4005BBC2E /* HesabdarTests.xctest */,
				929CFFBA1F3F80F5005BBC2E /* HesabdarUITests.xctest */,
			);
			name = Products;
			sourceTree = "<group>";
		};
		929CFF9A1F3F80F4005BBC2E /* Hesabdar */ = {
			isa = PBXGroup;
			children = (
				929CFFF91F3F8816005BBC2E /* View */,
				929CFFF81F3F8812005BBC2E /* Controller */,
				929CFFF61F3F876E005BBC2E /* Model */,
				929CFF9B1F3F80F4005BBC2E /* AppDelegate.swift */,
				929CFFA51F3F80F4005BBC2E /* Assets.xcassets */,
				929CFFA71F3F80F4005BBC2E /* LaunchScreen.storyboard */,
				929CFFAA1F3F80F4005BBC2E /* Info.plist */,
				929CFFA21F3F80F4005BBC2E /* Hesabdar.xcdatamodeld */,
			);
			path = Hesabdar;
			sourceTree = "<group>";
		};
		929CFFB21F3F80F4005BBC2E /* HesabdarTests */ = {
			isa = PBXGroup;
			children = (
				929CFFB31F3F80F4005BBC2E /* HesabdarTests.swift */,
				929CFFB51F3F80F5005BBC2E /* Info.plist */,
			);
			path = HesabdarTests;
			sourceTree = "<group>";
		};
		929CFFBD1F3F80F5005BBC2E /* HesabdarUITests */ = {
			isa = PBXGroup;
			children = (
				929CFFBE1F3F80F5005BBC2E /* HesabdarUITests.swift */,
				929CFFC01F3F80F5005BBC2E /* Info.plist */,
			);
			path = HesabdarUITests;
			sourceTree = "<group>";
		};
		929CFFF61F3F876E005BBC2E /* Model */ = {
			isa = PBXGroup;
			children = (
				929CFFF21F3F8534005BBC2E /* Tag+CoreDataClass.swift */,
				929CFFF31F3F8534005BBC2E /* Tag+CoreDataProperties.swift */,
				929CFFE81F3F8488005BBC2E /* Account+CoreDataClass.swift */,
				929CFFE91F3F8488005BBC2E /* Account+CoreDataProperties.swift */,
				929CFFEA1F3F8488005BBC2E /* Transaction+CoreDataClass.swift */,
				929CFFEB1F3F8488005BBC2E /* Transaction+CoreDataProperties.swift */,
				927DF3201F40479900CE97E7 /* Model.swift */,
				92E818781F40DD7A0076FA07 /* RoundedView.swift */,
				92E8187E1F40EA450076FA07 /* RoundedButton.swift */,
			);
			name = Model;
			path = ..;
			sourceTree = "<group>";
		};
		929CFFF71F3F8786005BBC2E /* Font */ = {
			isa = PBXGroup;
			children = (
				929CFFCD1F3F818D005BBC2E /* IRANSans(FaNum).ttf */,
			);
			name = Font;
			sourceTree = "<group>";
		};
		929CFFF81F3F8812005BBC2E /* Controller */ = {
			isa = PBXGroup;
			children = (
				929CFFFA1F3F8859005BBC2E /* TransactionTableViewController.swift */,
				929CFFFE1F3F88A0005BBC2E /* TransactionTableViewCell.swift */,
				92F21B641F40315100C81DAA /* AccountTableViewController.swift */,
				92F21B681F40317D00C81DAA /* AccountTableViewCell.swift */,
				92E818701F40DC000076FA07 /* TagTableViewController.swift */,
				92E818741F40DC520076FA07 /* TagTableViewCell.swift */,
				921B994B1F409A8F009EA892 /* AddTransactionViewController.swift */,
				927DF3221F40500F00CE97E7 /* AddAccountViewController.swift */,
				92E8187A1F40E1CF0076FA07 /* AddTagViewController.swift */,
				922A6C9B1F42D65C00817888 /* AccountDetailTableViewController.swift */,
				922A6CA11F42E09200817888 /* TransactionDetailViewController.swift */,
				9254709E1F44202B002AA581 /* HomeViewController.swift */,
				92B834A41F4810FA009D202E /* HelpViewController.swift */,
			);
			name = Controller;
			sourceTree = "<group>";
		};
		929CFFF91F3F8816005BBC2E /* View */ = {
			isa = PBXGroup;
			children = (
				929CFFFB1F3F8859005BBC2E /* TransactionTableViewController.xib */,
				929CFFFF1F3F88A0005BBC2E /* TransactionTableViewCell.xib */,
				92F21B651F40315100C81DAA /* AccountTableViewController.xib */,
				92F21B691F40317D00C81DAA /* AccountTableViewCell.xib */,
				927DF3231F40500F00CE97E7 /* AddAccountViewController.xib */,
				921B994C1F409A8F009EA892 /* AddTransactionViewController.xib */,
				92E818711F40DC000076FA07 /* TagTableViewController.xib */,
				92E818751F40DC520076FA07 /* TagTableViewCell.xib */,
				92E8187B1F40E1CF0076FA07 /* AddTagViewController.xib */,
				922A6C9C1F42D65C00817888 /* AccountDetailTableViewController.xib */,
				922A6CA21F42E09200817888 /* TransactionDetailViewController.xib */,
				9254709F1F44202B002AA581 /* HomeViewController.xib */,
				92B834A51F4810FA009D202E /* HelpViewController.xib */,
			);
			name = View;
			sourceTree = "<group>";
		};
		EF58D1AB3DB3D72ED5077267 /* Pods */ = {
			isa = PBXGroup;
			children = (
				9C0AC6F3C322EC4C77A83C05 /* Pods-Hesabdar.debug.xcconfig */,
				F83C4DA07F426D16A2968A68 /* Pods-Hesabdar.release.xcconfig */,
			);
			name = Pods;
			sourceTree = "<group>";
		};
/* End PBXGroup section */

/* Begin PBXNativeTarget section */
		929CFF971F3F80F4005BBC2E /* Hesabdar */ = {
			isa = PBXNativeTarget;
			buildConfigurationList = 929CFFC31F3F80F5005BBC2E /* Build configuration list for PBXNativeTarget "Hesabdar" */;
			buildPhases = (
				B1001437406430D2256A539F /* [CP] Check Pods Manifest.lock */,
				929CFF941F3F80F4005BBC2E /* Sources */,
				929CFF951F3F80F4005BBC2E /* Frameworks */,
				929CFF961F3F80F4005BBC2E /* Resources */,
				89124C97DEE8D845435CB9CA /* [CP] Embed Pods Frameworks */,
				1E3D907C739FC5C301720574 /* [CP] Copy Pods Resources */,
			);
			buildRules = (
			);
			dependencies = (
			);
			name = Hesabdar;
			productName = Hesabdar;
			productReference = 929CFF981F3F80F4005BBC2E /* Hesabdar.app */;
			productType = "com.apple.product-type.application";
		};
		929CFFAE1F3F80F4005BBC2E /* HesabdarTests */ = {
			isa = PBXNativeTarget;
			buildConfigurationList = 929CFFC61F3F80F5005BBC2E /* Build configuration list for PBXNativeTarget "HesabdarTests" */;
			buildPhases = (
				929CFFAB1F3F80F4005BBC2E /* Sources */,
				929CFFAC1F3F80F4005BBC2E /* Frameworks */,
				929CFFAD1F3F80F4005BBC2E /* Resources */,
			);
			buildRules = (
			);
			dependencies = (
				929CFFB11F3F80F4005BBC2E /* PBXTargetDependency */,
			);
			name = HesabdarTests;
			productName = HesabdarTests;
			productReference = 929CFFAF1F3F80F4005BBC2E /* HesabdarTests.xctest */;
			productType = "com.apple.product-type.bundle.unit-test";
		};
		929CFFB91F3F80F5005BBC2E /* HesabdarUITests */ = {
			isa = PBXNativeTarget;
			buildConfigurationList = 929CFFC91F3F80F5005BBC2E /* Build configuration list for PBXNativeTarget "HesabdarUITests" */;
			buildPhases = (
				929CFFB61F3F80F5005BBC2E /* Sources */,
				929CFFB71F3F80F5005BBC2E /* Frameworks */,
				929CFFB81F3F80F5005BBC2E /* Resources */,
			);
			buildRules = (
			);
			dependencies = (
				929CFFBC1F3F80F5005BBC2E /* PBXTargetDependency */,
			);
			name = HesabdarUITests;
			productName = HesabdarUITests;
			productReference = 929CFFBA1F3F80F5005BBC2E /* HesabdarUITests.xctest */;
			productType = "com.apple.product-type.bundle.ui-testing";
		};
/* End PBXNativeTarget section */

/* Begin PBXProject section */
		929CFF901F3F80F4005BBC2E /* Project object */ = {
			isa = PBXProject;
			attributes = {
				LastSwiftUpdateCheck = 0830;
				LastUpgradeCheck = 0830;
				ORGANIZATIONNAME = Pouya;
				TargetAttributes = {
					929CFF971F3F80F4005BBC2E = {
						CreatedOnToolsVersion = 8.3.3;
						DevelopmentTeam = Z5GH44G8KH;
						ProvisioningStyle = Automatic;
					};
					929CFFAE1F3F80F4005BBC2E = {
						CreatedOnToolsVersion = 8.3.3;
						DevelopmentTeam = Z5GH44G8KH;
						ProvisioningStyle = Automatic;
						TestTargetID = 929CFF971F3F80F4005BBC2E;
					};
					929CFFB91F3F80F5005BBC2E = {
						CreatedOnToolsVersion = 8.3.3;
						DevelopmentTeam = Z5GH44G8KH;
						ProvisioningStyle = Automatic;
						TestTargetID = 929CFF971F3F80F4005BBC2E;
					};
				};
			};
			buildConfigurationList = 929CFF931F3F80F4005BBC2E /* Build configuration list for PBXProject "Hesabdar" */;
			compatibilityVersion = "Xcode 3.2";
			developmentRegion = English;
			hasScannedForEncodings = 0;
			knownRegions = (
				en,
				Base,
			);
			mainGroup = 929CFF8F1F3F80F4005BBC2E;
			productRefGroup = 929CFF991F3F80F4005BBC2E /* Products */;
			projectDirPath = "";
			projectRoot = "";
			targets = (
				929CFF971F3F80F4005BBC2E /* Hesabdar */,
				929CFFAE1F3F80F4005BBC2E /* HesabdarTests */,
				929CFFB91F3F80F5005BBC2E /* HesabdarUITests */,
			);
		};
/* End PBXProject section */

/* Begin PBXResourcesBuildPhase section */
		929CFF961F3F80F4005BBC2E /* Resources */ = {
			isa = PBXResourcesBuildPhase;
			buildActionMask = 2147483647;
			files = (
				922A6CA41F42E09200817888 /* TransactionDetailViewController.xib in Resources */,
				92E818801F41043C0076FA07 /* IRANSans(FaNum).ttf in Resources */,
				925470A11F44202B002AA581 /* HomeViewController.xib in Resources */,
				927DF3251F40500F00CE97E7 /* AddAccountViewController.xib in Resources */,
				92F21B671F40315100C81DAA /* AccountTableViewController.xib in Resources */,
				922A6C9E1F42D65C00817888 /* AccountDetailTableViewController.xib in Resources */,
				92E818771F40DC520076FA07 /* TagTableViewCell.xib in Resources */,
				92F21B6B1F40317D00C81DAA /* AccountTableViewCell.xib in Resources */,
				929CFFFD1F3F8859005BBC2E /* TransactionTableViewController.xib in Resources */,
				929CFFA91F3F80F4005BBC2E /* LaunchScreen.storyboard in Resources */,
				92E818731F40DC000076FA07 /* TagTableViewController.xib in Resources */,
				929C00011F3F88A0005BBC2E /* TransactionTableViewCell.xib in Resources */,
				921B994E1F409A8F009EA892 /* AddTransactionViewController.xib in Resources */,
				929CFFA61F3F80F4005BBC2E /* Assets.xcassets in Resources */,
				92E8187D1F40E1CF0076FA07 /* AddTagViewController.xib in Resources */,
				92B834A71F4810FA009D202E /* HelpViewController.xib in Resources */,
			);
			runOnlyForDeploymentPostprocessing = 0;
		};
		929CFFAD1F3F80F4005BBC2E /* Resources */ = {
			isa = PBXResourcesBuildPhase;
			buildActionMask = 2147483647;
			files = (
			);
			runOnlyForDeploymentPostprocessing = 0;
		};
		929CFFB81F3F80F5005BBC2E /* Resources */ = {
			isa = PBXResourcesBuildPhase;
			buildActionMask = 2147483647;
			files = (
			);
			runOnlyForDeploymentPostprocessing = 0;
		};
/* End PBXResourcesBuildPhase section */

/* Begin PBXShellScriptBuildPhase section */
		1E3D907C739FC5C301720574 /* [CP] Copy Pods Resources */ = {
			isa = PBXShellScriptBuildPhase;
			buildActionMask = 2147483647;
			files = (
			);
			inputPaths = (
			);
			name = "[CP] Copy Pods Resources";
			outputPaths = (
			);
			runOnlyForDeploymentPostprocessing = 0;
			shellPath = /bin/sh;
			shellScript = "\"${SRCROOT}/Pods/Target Support Files/Pods-Hesabdar/Pods-Hesabdar-resources.sh\"\n";
			showEnvVarsInLog = 0;
		};
		89124C97DEE8D845435CB9CA /* [CP] Embed Pods Frameworks */ = {
			isa = PBXShellScriptBuildPhase;
			buildActionMask = 2147483647;
			files = (
			);
			inputPaths = (
			);
			name = "[CP] Embed Pods Frameworks";
			outputPaths = (
			);
			runOnlyForDeploymentPostprocessing = 0;
			shellPath = /bin/sh;
			shellScript = "\"${SRCROOT}/Pods/Target Support Files/Pods-Hesabdar/Pods-Hesabdar-frameworks.sh\"\n";
			showEnvVarsInLog = 0;
		};
		B1001437406430D2256A539F /* [CP] Check Pods Manifest.lock */ = {
			isa = PBXShellScriptBuildPhase;
			buildActionMask = 2147483647;
			files = (
			);
			inputPaths = (
			);
			name = "[CP] Check Pods Manifest.lock";
			outputPaths = (
			);
			runOnlyForDeploymentPostprocessing = 0;
			shellPath = /bin/sh;
			shellScript = "diff \"${PODS_ROOT}/../Podfile.lock\" \"${PODS_ROOT}/Manifest.lock\" > /dev/null\nif [ $? != 0 ] ; then\n    # print error to STDERR\n    echo \"error: The sandbox is not in sync with the Podfile.lock. Run 'pod install' or update your CocoaPods installation.\" >&2\n    exit 1\nfi\n";
			showEnvVarsInLog = 0;
		};
/* End PBXShellScriptBuildPhase section */

/* Begin PBXSourcesBuildPhase section */
		929CFF941F3F80F4005BBC2E /* Sources */ = {
			isa = PBXSourcesBuildPhase;
			buildActionMask = 2147483647;
			files = (
				929CFFF11F3F8488005BBC2E /* Transaction+CoreDataProperties.swift in Sources */,
				929CFFEF1F3F8488005BBC2E /* Account+CoreDataProperties.swift in Sources */,
				92E818791F40DD7A0076FA07 /* RoundedView.swift in Sources */,
				929CFFA41F3F80F4005BBC2E /* Hesabdar.xcdatamodeld in Sources */,
				92F21B661F40315100C81DAA /* AccountTableViewController.swift in Sources */,
				927DF3211F40479900CE97E7 /* Model.swift in Sources */,
				925470A01F44202B002AA581 /* HomeViewController.swift in Sources */,
				92E8187C1F40E1CF0076FA07 /* AddTagViewController.swift in Sources */,
				929CFFEE1F3F8488005BBC2E /* Account+CoreDataClass.swift in Sources */,
				92E818761F40DC520076FA07 /* TagTableViewCell.swift in Sources */,
				929CFFF01F3F8488005BBC2E /* Transaction+CoreDataClass.swift in Sources */,
				922A6CA31F42E09200817888 /* TransactionDetailViewController.swift in Sources */,
				929CFF9C1F3F80F4005BBC2E /* AppDelegate.swift in Sources */,
				922A6C9D1F42D65C00817888 /* AccountDetailTableViewController.swift in Sources */,
				92E8187F1F40EA450076FA07 /* RoundedButton.swift in Sources */,
				927DF3241F40500F00CE97E7 /* AddAccountViewController.swift in Sources */,
				929C00001F3F88A0005BBC2E /* TransactionTableViewCell.swift in Sources */,
				92E818721F40DC000076FA07 /* TagTableViewController.swift in Sources */,
				929CFFF51F3F8534005BBC2E /* Tag+CoreDataProperties.swift in Sources */,
				92B834A61F4810FA009D202E /* HelpViewController.swift in Sources */,
				92F21B6A1F40317D00C81DAA /* AccountTableViewCell.swift in Sources */,
				921B994D1F409A8F009EA892 /* AddTransactionViewController.swift in Sources */,
				929CFFF41F3F8534005BBC2E /* Tag+CoreDataClass.swift in Sources */,
				929CFFFC1F3F8859005BBC2E /* TransactionTableViewController.swift in Sources */,
			);
			runOnlyForDeploymentPostprocessing = 0;
		};
		929CFFAB1F3F80F4005BBC2E /* Sources */ = {
			isa = PBXSourcesBuildPhase;
			buildActionMask = 2147483647;
			files = (
				929CFFB41F3F80F4005BBC2E /* HesabdarTests.swift in Sources */,
			);
			runOnlyForDeploymentPostprocessing = 0;
		};
		929CFFB61F3F80F5005BBC2E /* Sources */ = {
			isa = PBXSourcesBuildPhase;
			buildActionMask = 2147483647;
			files = (
				929CFFBF1F3F80F5005BBC2E /* HesabdarUITests.swift in Sources */,
			);
			runOnlyForDeploymentPostprocessing = 0;
		};
/* End PBXSourcesBuildPhase section */

/* Begin PBXTargetDependency section */
		929CFFB11F3F80F4005BBC2E /* PBXTargetDependency */ = {
			isa = PBXTargetDependency;
			target = 929CFF971F3F80F4005BBC2E /* Hesabdar */;
			targetProxy = 929CFFB01F3F80F4005BBC2E /* PBXContainerItemProxy */;
		};
		929CFFBC1F3F80F5005BBC2E /* PBXTargetDependency */ = {
			isa = PBXTargetDependency;
			target = 929CFF971F3F80F4005BBC2E /* Hesabdar */;
			targetProxy = 929CFFBB1F3F80F5005BBC2E /* PBXContainerItemProxy */;
		};
/* End PBXTargetDependency section */

/* Begin PBXVariantGroup section */
		929CFFA71F3F80F4005BBC2E /* LaunchScreen.storyboard */ = {
			isa = PBXVariantGroup;
			children = (
				929CFFA81F3F80F4005BBC2E /* Base */,
			);
			name = LaunchScreen.storyboard;
			sourceTree = "<group>";
		};
/* End PBXVariantGroup section */

/* Begin XCBuildConfiguration section */
		929CFFC11F3F80F5005BBC2E /* Debug */ = {
			isa = XCBuildConfiguration;
			buildSettings = {
				ALWAYS_SEARCH_USER_PATHS = NO;
				CLANG_ANALYZER_NONNULL = YES;
				CLANG_ANALYZER_NUMBER_OBJECT_CONVERSION = YES_AGGRESSIVE;
				CLANG_CXX_LANGUAGE_STANDARD = "gnu++0x";
				CLANG_CXX_LIBRARY = "libc++";
				CLANG_ENABLE_MODULES = YES;
				CLANG_ENABLE_OBJC_ARC = YES;
				CLANG_WARN_BOOL_CONVERSION = YES;
				CLANG_WARN_CONSTANT_CONVERSION = YES;
				CLANG_WARN_DIRECT_OBJC_ISA_USAGE = YES_ERROR;
				CLANG_WARN_DOCUMENTATION_COMMENTS = YES;
				CLANG_WARN_EMPTY_BODY = YES;
				CLANG_WARN_ENUM_CONVERSION = YES;
				CLANG_WARN_INFINITE_RECURSION = YES;
				CLANG_WARN_INT_CONVERSION = YES;
				CLANG_WARN_OBJC_ROOT_CLASS = YES_ERROR;
				CLANG_WARN_SUSPICIOUS_MOVE = YES;
				CLANG_WARN_UNREACHABLE_CODE = YES;
				CLANG_WARN__DUPLICATE_METHOD_MATCH = YES;
				"CODE_SIGN_IDENTITY[sdk=iphoneos*]" = "iPhone Developer";
				COPY_PHASE_STRIP = NO;
				DEBUG_INFORMATION_FORMAT = dwarf;
				ENABLE_STRICT_OBJC_MSGSEND = YES;
				ENABLE_TESTABILITY = YES;
				GCC_C_LANGUAGE_STANDARD = gnu99;
				GCC_DYNAMIC_NO_PIC = NO;
				GCC_NO_COMMON_BLOCKS = YES;
				GCC_OPTIMIZATION_LEVEL = 0;
				GCC_PREPROCESSOR_DEFINITIONS = (
					"DEBUG=1",
					"$(inherited)",
				);
				GCC_WARN_64_TO_32_BIT_CONVERSION = YES;
				GCC_WARN_ABOUT_RETURN_TYPE = YES_ERROR;
				GCC_WARN_UNDECLARED_SELECTOR = YES;
				GCC_WARN_UNINITIALIZED_AUTOS = YES_AGGRESSIVE;
				GCC_WARN_UNUSED_FUNCTION = YES;
				GCC_WARN_UNUSED_VARIABLE = YES;
				IPHONEOS_DEPLOYMENT_TARGET = 10.3;
				MTL_ENABLE_DEBUG_INFO = YES;
				ONLY_ACTIVE_ARCH = YES;
				SDKROOT = iphoneos;
				SWIFT_ACTIVE_COMPILATION_CONDITIONS = DEBUG;
				SWIFT_OPTIMIZATION_LEVEL = "-Onone";
				TARGETED_DEVICE_FAMILY = "1,2";
			};
			name = Debug;
		};
		929CFFC21F3F80F5005BBC2E /* Release */ = {
			isa = XCBuildConfiguration;
			buildSettings = {
				ALWAYS_SEARCH_USER_PATHS = NO;
				CLANG_ANALYZER_NONNULL = YES;
				CLANG_ANALYZER_NUMBER_OBJECT_CONVERSION = YES_AGGRESSIVE;
				CLANG_CXX_LANGUAGE_STANDARD = "gnu++0x";
				CLANG_CXX_LIBRARY = "libc++";
				CLANG_ENABLE_MODULES = YES;
				CLANG_ENABLE_OBJC_ARC = YES;
				CLANG_WARN_BOOL_CONVERSION = YES;
				CLANG_WARN_CONSTANT_CONVERSION = YES;
				CLANG_WARN_DIRECT_OBJC_ISA_USAGE = YES_ERROR;
				CLANG_WARN_DOCUMENTATION_COMMENTS = YES;
				CLANG_WARN_EMPTY_BODY = YES;
				CLANG_WARN_ENUM_CONVERSION = YES;
				CLANG_WARN_INFINITE_RECURSION = YES;
				CLANG_WARN_INT_CONVERSION = YES;
				CLANG_WARN_OBJC_ROOT_CLASS = YES_ERROR;
				CLANG_WARN_SUSPICIOUS_MOVE = YES;
				CLANG_WARN_UNREACHABLE_CODE = YES;
				CLANG_WARN__DUPLICATE_METHOD_MATCH = YES;
				"CODE_SIGN_IDENTITY[sdk=iphoneos*]" = "iPhone Developer";
				COPY_PHASE_STRIP = NO;
				DEBUG_INFORMATION_FORMAT = "dwarf-with-dsym";
				ENABLE_NS_ASSERTIONS = NO;
				ENABLE_STRICT_OBJC_MSGSEND = YES;
				GCC_C_LANGUAGE_STANDARD = gnu99;
				GCC_NO_COMMON_BLOCKS = YES;
				GCC_WARN_64_TO_32_BIT_CONVERSION = YES;
				GCC_WARN_ABOUT_RETURN_TYPE = YES_ERROR;
				GCC_WARN_UNDECLARED_SELECTOR = YES;
				GCC_WARN_UNINITIALIZED_AUTOS = YES_AGGRESSIVE;
				GCC_WARN_UNUSED_FUNCTION = YES;
				GCC_WARN_UNUSED_VARIABLE = YES;
				IPHONEOS_DEPLOYMENT_TARGET = 10.3;
				MTL_ENABLE_DEBUG_INFO = NO;
				SDKROOT = iphoneos;
				SWIFT_OPTIMIZATION_LEVEL = "-Owholemodule";
				TARGETED_DEVICE_FAMILY = "1,2";
				VALIDATE_PRODUCT = YES;
			};
			name = Release;
		};
		929CFFC41F3F80F5005BBC2E /* Debug */ = {
			isa = XCBuildConfiguration;
			baseConfigurationReference = 9C0AC6F3C322EC4C77A83C05 /* Pods-Hesabdar.debug.xcconfig */;
			buildSettings = {
				ALWAYS_EMBED_SWIFT_STANDARD_LIBRARIES = YES;
				ASSETCATALOG_COMPILER_APPICON_NAME = AppIcon;
				DEVELOPMENT_TEAM = Z5GH44G8KH;
				INFOPLIST_FILE = Hesabdar/Info.plist;
				LD_RUNPATH_SEARCH_PATHS = "$(inherited) @executable_path/Frameworks";
				PRODUCT_BUNDLE_IDENTIFIER = com.pouyayarandi.Hesabdar;
				PRODUCT_NAME = "$(TARGET_NAME)";
				SWIFT_VERSION = 3.0;
			};
			name = Debug;
		};
		929CFFC51F3F80F5005BBC2E /* Release */ = {
			isa = XCBuildConfiguration;
			baseConfigurationReference = F83C4DA07F426D16A2968A68 /* Pods-Hesabdar.release.xcconfig */;
			buildSettings = {
				ALWAYS_EMBED_SWIFT_STANDARD_LIBRARIES = YES;
				ASSETCATALOG_COMPILER_APPICON_NAME = AppIcon;
				DEVELOPMENT_TEAM = Z5GH44G8KH;
				INFOPLIST_FILE = Hesabdar/Info.plist;
				LD_RUNPATH_SEARCH_PATHS = "$(inherited) @executable_path/Frameworks";
				PRODUCT_BUNDLE_IDENTIFIER = com.pouyayarandi.Hesabdar;
				PRODUCT_NAME = "$(TARGET_NAME)";
				SWIFT_VERSION = 3.0;
			};
			name = Release;
		};
		929CFFC71F3F80F5005BBC2E /* Debug */ = {
			isa = XCBuildConfiguration;
			buildSettings = {
				ALWAYS_EMBED_SWIFT_STANDARD_LIBRARIES = YES;
				BUNDLE_LOADER = "$(TEST_HOST)";
				DEVELOPMENT_TEAM = Z5GH44G8KH;
				INFOPLIST_FILE = HesabdarTests/Info.plist;
				LD_RUNPATH_SEARCH_PATHS = "$(inherited) @executable_path/Frameworks @loader_path/Frameworks";
				PRODUCT_BUNDLE_IDENTIFIER = com.pouyayarandi.HesabdarTests;
				PRODUCT_NAME = "$(TARGET_NAME)";
				SWIFT_VERSION = 3.0;
				TEST_HOST = "$(BUILT_PRODUCTS_DIR)/Hesabdar.app/Hesabdar";
			};
			name = Debug;
		};
		929CFFC81F3F80F5005BBC2E /* Release */ = {
			isa = XCBuildConfiguration;
			buildSettings = {
				ALWAYS_EMBED_SWIFT_STANDARD_LIBRARIES = YES;
				BUNDLE_LOADER = "$(TEST_HOST)";
				DEVELOPMENT_TEAM = Z5GH44G8KH;
				INFOPLIST_FILE = HesabdarTests/Info.plist;
				LD_RUNPATH_SEARCH_PATHS = "$(inherited) @executable_path/Frameworks @loader_path/Frameworks";
				PRODUCT_BUNDLE_IDENTIFIER = com.pouyayarandi.HesabdarTests;
				PRODUCT_NAME = "$(TARGET_NAME)";
				SWIFT_VERSION = 3.0;
				TEST_HOST = "$(BUILT_PRODUCTS_DIR)/Hesabdar.app/Hesabdar";
			};
			name = Release;
		};
		929CFFCA1F3F80F5005BBC2E /* Debug */ = {
			isa = XCBuildConfiguration;
			buildSettings = {
				ALWAYS_EMBED_SWIFT_STANDARD_LIBRARIES = YES;
				DEVELOPMENT_TEAM = Z5GH44G8KH;
				INFOPLIST_FILE = HesabdarUITests/Info.plist;
				LD_RUNPATH_SEARCH_PATHS = "$(inherited) @executable_path/Frameworks @loader_path/Frameworks";
				PRODUCT_BUNDLE_IDENTIFIER = com.pouyayarandi.HesabdarUITests;
				PRODUCT_NAME = "$(TARGET_NAME)";
				SWIFT_VERSION = 3.0;
				TEST_TARGET_NAME = Hesabdar;
			};
			name = Debug;
		};
		929CFFCB1F3F80F5005BBC2E /* Release */ = {
			isa = XCBuildConfiguration;
			buildSettings = {
				ALWAYS_EMBED_SWIFT_STANDARD_LIBRARIES = YES;
				DEVELOPMENT_TEAM = Z5GH44G8KH;
				INFOPLIST_FILE = HesabdarUITests/Info.plist;
				LD_RUNPATH_SEARCH_PATHS = "$(inherited) @executable_path/Frameworks @loader_path/Frameworks";
				PRODUCT_BUNDLE_IDENTIFIER = com.pouyayarandi.HesabdarUITests;
				PRODUCT_NAME = "$(TARGET_NAME)";
				SWIFT_VERSION = 3.0;
				TEST_TARGET_NAME = Hesabdar;
			};
			name = Release;
		};
/* End XCBuildConfiguration section */

/* Begin XCConfigurationList section */
		929CFF931F3F80F4005BBC2E /* Build configuration list for PBXProject "Hesabdar" */ = {
			isa = XCConfigurationList;
			buildConfigurations = (
				929CFFC11F3F80F5005BBC2E /* Debug */,
				929CFFC21F3F80F5005BBC2E /* Release */,
			);
			defaultConfigurationIsVisible = 0;
			defaultConfigurationName = Release;
		};
		929CFFC31F3F80F5005BBC2E /* Build configuration list for PBXNativeTarget "Hesabdar" */ = {
			isa = XCConfigurationList;
			buildConfigurations = (
				929CFFC41F3F80F5005BBC2E /* Debug */,
				929CFFC51F3F80F5005BBC2E /* Release */,
			);
			defaultConfigurationIsVisible = 0;
			defaultConfigurationName = Release;
		};
		929CFFC61F3F80F5005BBC2E /* Build configuration list for PBXNativeTarget "HesabdarTests" */ = {
			isa = XCConfigurationList;
			buildConfigurations = (
				929CFFC71F3F80F5005BBC2E /* Debug */,
				929CFFC81F3F80F5005BBC2E /* Release */,
			);
			defaultConfigurationIsVisible = 0;
			defaultConfigurationName = Release;
		};
		929CFFC91F3F80F5005BBC2E /* Build configuration list for PBXNativeTarget "HesabdarUITests" */ = {
			isa = XCConfigurationList;
			buildConfigurations = (
				929CFFCA1F3F80F5005BBC2E /* Debug */,
				929CFFCB1F3F80F5005BBC2E /* Release */,
			);
			defaultConfigurationIsVisible = 0;
			defaultConfigurationName = Release;
		};
/* End XCConfigurationList section */

/* Begin XCVersionGroup section */
		929CFFA21F3F80F4005BBC2E /* Hesabdar.xcdatamodeld */ = {
			isa = XCVersionGroup;
			children = (
				929CFFA31F3F80F4005BBC2E /* Hesabdar.xcdatamodel */,
			);
			currentVersion = 929CFFA31F3F80F4005BBC2E /* Hesabdar.xcdatamodel */;
			path = Hesabdar.xcdatamodeld;
			sourceTree = "<group>";
			versionGroupType = wrapper.xcdatamodel;
		};
/* End XCVersionGroup section */
	};
	rootObject = 929CFF901F3F80F4005BBC2E /* Project object */;
}
